
Microsoft Visual Studio Solution File, Format Version 12.00
# Visual Studio Version 17
VisualStudioVersion = 17.0.32126.317
MinimumVisualStudioVersion = 10.0.40219.1
Project("{888888A0-9F3D-457C-B088-3A5042F75D52}") = "Yetibyte.Twitch.TwitchNx.SwitchBridge.Server", "Yetibyte.Twitch.TwitchNx.SwitchBridge.Server\Yetibyte.Twitch.TwitchNx.SwitchBridge.Server.pyproj", "{2A7DEBDD-760E-49CF-A72C-1C4EE77F86EB}"
EndProject
Project("{888888A0-9F3D-457C-B088-3A5042F75D52}") = "Yetibyte.Twitch.TwitchNx.SwitchBridge.Server.TestClient", "Yetibyte.Twitch.TwitchNx.SwitchBridge.Server.TestClient\Yetibyte.Twitch.TwitchNx.SwitchBridge.Server.TestClient.pyproj", "{F40684C8-1BD4-47C0-A959-C92DBCC5F522}"
EndProject
Project("{9A19103F-16F7-4668-BE54-9A1E7A4F7556}") = "Yetibyte.Twitch.TwitchNx.Core", "Yetibyte.Twitch.TwitchNx.Core\Yetibyte.Twitch.TwitchNx.Core.csproj", "{D10B20B9-1319-40DE-9EC2-BC9CF061A763}"
EndProject
Project("{FAE04EC0-301F-11D3-BF4B-00C04F79EFBC}") = "Yetibyte.Twitch.TwitchNx", "Yetibyte.Twitch.TwitchNx\Yetibyte.Twitch.TwitchNx.csproj", "{C5FB020F-CB6C-422F-BC4B-0BA135EA8FDA}"
EndProject
Global
	GlobalSection(SolutionConfigurationPlatforms) = preSolution
		Debug|Any CPU = Debug|Any CPU
		Release|Any CPU = Release|Any CPU
	EndGlobalSection
	GlobalSection(ProjectConfigurationPlatforms) = postSolution
		{2A7DEBDD-760E-49CF-A72C-1C4EE77F86EB}.Debug|Any CPU.ActiveCfg = Debug|Any CPU
		{2A7DEBDD-760E-49CF-A72C-1C4EE77F86EB}.Release|Any CPU.ActiveCfg = Release|Any CPU
		{F40684C8-1BD4-47C0-A959-C92DBCC5F522}.Debug|Any CPU.ActiveCfg = Debug|Any CPU
		{F40684C8-1BD4-47C0-A959-C92DBCC5F522}.Release|Any CPU.ActiveCfg = Release|Any CPU
		{D10B20B9-1319-40DE-9EC2-BC9CF061A763}.Debug|Any CPU.ActiveCfg = Debug|Any CPU
		{D10B20B9-1319-40DE-9EC2-BC9CF061A763}.Debug|Any CPU.Build.0 = Debug|Any CPU
		{D10B20B9-1319-40DE-9EC2-BC9CF061A763}.Release|Any CPU.ActiveCfg = Release|Any CPU
		{D10B20B9-1319-40DE-9EC2-BC9CF061A763}.Release|Any CPU.Build.0 = Release|Any CPU
		{C5FB020F-CB6C-422F-BC4B-0BA135EA8FDA}.Debug|Any CPU.ActiveCfg = Debug|Any CPU
		{C5FB020F-CB6C-422F-BC4B-0BA135EA8FDA}.Debug|Any CPU.Build.0 = Debug|Any CPU
		{C5FB020F-CB6C-422F-BC4B-0BA135EA8FDA}.Release|Any CPU.ActiveCfg = Release|Any CPU
		{C5FB020F-CB6C-422F-BC4B-0BA135EA8FDA}.Release|Any CPU.Build.0 = Release|Any CPU
	EndGlobalSection
	GlobalSection(SolutionProperties) = preSolution
		HideSolutionNode = FALSE
	EndGlobalSection
	GlobalSection(ExtensibilityGlobals) = postSolution
		SolutionGuid = {94D78899-ABEF-48F6-A7E1-6322DEB32F38}
	EndGlobalSection
EndGlobal
